
Microsoft Visual Studio Solution File, Format Version 12.00
# Visual Studio Version 16
VisualStudioVersion = 16.0.33529.622
MinimumVisualStudioVersion = 10.0.40219.1
Project("{FAE04EC0-301F-11D3-BF4B-00C04F79EFBC}") = "PolimorphismAssignment", "PolimorphismAssignment\PolimorphismAssignment.csproj", "{F3929B88-4A6A-43BF-AC1F-7DF6B463386A}"
EndProject
Global
	GlobalSection(SolutionConfigurationPlatforms) = preSolution
		Debug|Any CPU = Debug|Any CPU
		Release|Any CPU = Release|Any CPU
	EndGlobalSection
	GlobalSection(ProjectConfigurationPlatforms) = postSolution
		{F3929B88-4A6A-43BF-AC1F-7DF6B463386A}.Debug|Any CPU.ActiveCfg = Debug|Any CPU
		{F3929B88-4A6A-43BF-AC1F-7DF6B463386A}.Debug|Any CPU.Build.0 = Debug|Any CPU
		{F3929B88-4A6A-43BF-AC1F-7DF6B463386A}.Release|Any CPU.ActiveCfg = Release|Any CPU
		{F3929B88-4A6A-43BF-AC1F-7DF6B463386A}.Release|Any CPU.Build.0 = Release|Any CPU
	EndGlobalSection
	GlobalSection(SolutionProperties) = preSolution
		HideSolutionNode = FALSE
	EndGlobalSection
	GlobalSection(ExtensibilityGlobals) = postSolution
		SolutionGuid = {1CC82BB9-C215-4214-AD9E-B2B2C7BBE1EA}
	EndGlobalSection
EndGlobal
